
Microsoft Visual Studio Solution File, Format Version 12.00
# Visual Studio 15
VisualStudioVersion = 15.0.27428.2043
MinimumVisualStudioVersion = 10.0.40219.1
Project("{FAE04EC0-301F-11D3-BF4B-00C04F79EFBC}") = "Mvc_BO", "Mvc_BO\Mvc_BO.csproj", "{CA0DDEB5-DBB7-4F1A-8A78-EB9E05B100C5}"
EndProject
Project("{FAE04EC0-301F-11D3-BF4B-00C04F79EFBC}") = "BLL", "BLL\BLL.csproj", "{6CBF25A3-C6CE-4C00-97C3-A2AC9D00CE71}"
EndProject
Global
	GlobalSection(SolutionConfigurationPlatforms) = preSolution
		Debug|Any CPU = Debug|Any CPU
		Release|Any CPU = Release|Any CPU
	EndGlobalSection
	GlobalSection(ProjectConfigurationPlatforms) = postSolution
		{CA0DDEB5-DBB7-4F1A-8A78-EB9E05B100C5}.Debug|Any CPU.ActiveCfg = Debug|Any CPU
		{CA0DDEB5-DBB7-4F1A-8A78-EB9E05B100C5}.Debug|Any CPU.Build.0 = Debug|Any CPU
		{CA0DDEB5-DBB7-4F1A-8A78-EB9E05B100C5}.Release|Any CPU.ActiveCfg = Release|Any CPU
		{CA0DDEB5-DBB7-4F1A-8A78-EB9E05B100C5}.Release|Any CPU.Build.0 = Release|Any CPU
		{6CBF25A3-C6CE-4C00-97C3-A2AC9D00CE71}.Debug|Any CPU.ActiveCfg = Debug|Any CPU
		{6CBF25A3-C6CE-4C00-97C3-A2AC9D00CE71}.Debug|Any CPU.Build.0 = Debug|Any CPU
		{6CBF25A3-C6CE-4C00-97C3-A2AC9D00CE71}.Release|Any CPU.ActiveCfg = Release|Any CPU
		{6CBF25A3-C6CE-4C00-97C3-A2AC9D00CE71}.Release|Any CPU.Build.0 = Release|Any CPU
	EndGlobalSection
	GlobalSection(SolutionProperties) = preSolution
		HideSolutionNode = FALSE
	EndGlobalSection
	GlobalSection(ExtensibilityGlobals) = postSolution
		SolutionGuid = {8378D1F2-2AA1-4ACA-A4C3-5434B48E808F}
	EndGlobalSection
EndGlobal
