
Microsoft Visual Studio Solution File, Format Version 12.00
# Visual Studio 15
VisualStudioVersion = 15.0.27428.2043
MinimumVisualStudioVersion = 10.0.40219.1
Project("{FAE04EC0-301F-11D3-BF4B-00C04F79EFBC}") = "Mvc_Demo", "Mvc_Demo\Mvc_Demo.csproj", "{B64E0AA9-8806-4738-BEC1-66081BED5EA0}"
EndProject
Global
	GlobalSection(SolutionConfigurationPlatforms) = preSolution
		Debug|Any CPU = Debug|Any CPU
		Release|Any CPU = Release|Any CPU
	EndGlobalSection
	GlobalSection(ProjectConfigurationPlatforms) = postSolution
		{B64E0AA9-8806-4738-BEC1-66081BED5EA0}.Debug|Any CPU.ActiveCfg = Debug|Any CPU
		{B64E0AA9-8806-4738-BEC1-66081BED5EA0}.Debug|Any CPU.Build.0 = Debug|Any CPU
		{B64E0AA9-8806-4738-BEC1-66081BED5EA0}.Release|Any CPU.ActiveCfg = Release|Any CPU
		{B64E0AA9-8806-4738-BEC1-66081BED5EA0}.Release|Any CPU.Build.0 = Release|Any CPU
	EndGlobalSection
	GlobalSection(SolutionProperties) = preSolution
		HideSolutionNode = FALSE
	EndGlobalSection
	GlobalSection(ExtensibilityGlobals) = postSolution
		SolutionGuid = {A30B2554-2810-484C-BEA3-F6DE00005B17}
	EndGlobalSection
EndGlobal
